
Microsoft Visual Studio Solution File, Format Version 12.00
# Visual Studio Version 17
VisualStudioVersion = 17.14.37216.2 d17.14
MinimumVisualStudioVersion = 10.0.40219.1
Project("{FAE04EC0-301F-11D3-BF4B-00C04F79EFBC}") = "SCPSLSERVER", "SCPSLSERVER.csproj", "{98A14DA6-C2BC-48DA-B085-C484438B03A4}"
EndProject
Global
	GlobalSection(SolutionConfigurationPlatforms) = preSolution
		Debug|Any CPU = Debug|Any CPU
		Release|Any CPU = Release|Any CPU
	EndGlobalSection
	GlobalSection(ProjectConfigurationPlatforms) = postSolution
		{98A14DA6-C2BC-48DA-B085-C484438B03A4}.Debug|Any CPU.ActiveCfg = Debug|Any CPU
		{98A14DA6-C2BC-48DA-B085-C484438B03A4}.Debug|Any CPU.Build.0 = Debug|Any CPU
		{98A14DA6-C2BC-48DA-B085-C484438B03A4}.Release|Any CPU.ActiveCfg = Release|Any CPU
		{98A14DA6-C2BC-48DA-B085-C484438B03A4}.Release|Any CPU.Build.0 = Release|Any CPU
	EndGlobalSection
	GlobalSection(SolutionProperties) = preSolution
		HideSolutionNode = FALSE
	EndGlobalSection
	GlobalSection(ExtensibilityGlobals) = postSolution
		SolutionGuid = {5E3955E4-1771-42AB-BD5F-F325C32AA51A}
	EndGlobalSection
EndGlobal
